
Microsoft Visual Studio Solution File, Format Version 12.00
# Visual Studio Version 16
VisualStudioVersion = 16.0.31424.327
MinimumVisualStudioVersion = 10.0.40219.1
Project("{FAE04EC0-301F-11D3-BF4B-00C04F79EFBC}") = "MangoRestaurent.Web", "MangoRestaurent.Web\MangoRestaurent.Web.csproj", "{536325D7-FE56-4286-A994-2C659F995D18}"
EndProject
Global
	GlobalSection(SolutionConfigurationPlatforms) = preSolution
		Debug|Any CPU = Debug|Any CPU
		Release|Any CPU = Release|Any CPU
	EndGlobalSection
	GlobalSection(ProjectConfigurationPlatforms) = postSolution
		{536325D7-FE56-4286-A994-2C659F995D18}.Debug|Any CPU.ActiveCfg = Debug|Any CPU
		{536325D7-FE56-4286-A994-2C659F995D18}.Debug|Any CPU.Build.0 = Debug|Any CPU
		{536325D7-FE56-4286-A994-2C659F995D18}.Release|Any CPU.ActiveCfg = Release|Any CPU
		{536325D7-FE56-4286-A994-2C659F995D18}.Release|Any CPU.Build.0 = Release|Any CPU
	EndGlobalSection
	GlobalSection(SolutionProperties) = preSolution
		HideSolutionNode = FALSE
	EndGlobalSection
	GlobalSection(ExtensibilityGlobals) = postSolution
		SolutionGuid = {57905296-03B8-4D78-AFEF-711BDD40D0F1}
	EndGlobalSection
EndGlobal
